Microsoft Visual Studio Solution File, Format Version 12.00
# Visual Studio Version 16
VisualStudioVersion = 16.0.30804.86
MinimumVisualStudioVersion = 10.0.40219.1
Project("{FAE04EC0-301F-11D3-BF4B-00C04F79EFBC}") = "LSGS.Application", "LSGS.Android\LSGS.Application.csproj", "{A4850543-B16E-4AFC-AA1B-194DDAF3ACAE}"
EndProject
Project("{9A19103F-16F7-4668-BE54-9A1E7A4F7556}") = "LSGS", "LSGS\LSGS.csproj", "{29E55D93-A134-4567-BB4A-234A0D1F16FF}"
EndProject
Project("{2150E333-8FDC-42A3-9474-1A3956D46DE8}") = "Solution Items", "Solution Items", "{19642AED-3C33-4700-A67F-E4EBD44B318F}"
	ProjectSection(SolutionItems) = preProject
		.editorconfig = .editorconfig
		.gitignore = .gitignore
	EndProjectSection
EndProject
Global
	GlobalSection(SolutionConfigurationPlatforms) = preSolution
		Debug|Any CPU = Debug|Any CPU
		Release|Any CPU = Release|Any CPU
	EndGlobalSection
	GlobalSection(ProjectConfigurationPlatforms) = postSolution
		{A4850543-B16E-4AFC-AA1B-194DDAF3ACAE}.Debug|Any CPU.ActiveCfg = Debug|Any CPU
		{A4850543-B16E-4AFC-AA1B-194DDAF3ACAE}.Debug|Any CPU.Build.0 = Debug|Any CPU
		{A4850543-B16E-4AFC-AA1B-194DDAF3ACAE}.Debug|Any CPU.Deploy.0 = Debug|Any CPU
		{A4850543-B16E-4AFC-AA1B-194DDAF3ACAE}.Release|Any CPU.ActiveCfg = Release|Any CPU
		{A4850543-B16E-4AFC-AA1B-194DDAF3ACAE}.Release|Any CPU.Build.0 = Release|Any CPU
		{A4850543-B16E-4AFC-AA1B-194DDAF3ACAE}.Release|Any CPU.Deploy.0 = Release|Any CPU
		{29E55D93-A134-4567-BB4A-234A0D1F16FF}.Debug|Any CPU.ActiveCfg = Debug|Any CPU
		{29E55D93-A134-4567-BB4A-234A0D1F16FF}.Debug|Any CPU.Build.0 = Debug|Any CPU
		{29E55D93-A134-4567-BB4A-234A0D1F16FF}.Debug|Any CPU.Deploy.0 = Debug|Any CPU
		{29E55D93-A134-4567-BB4A-234A0D1F16FF}.Release|Any CPU.ActiveCfg = Release|Any CPU
		{29E55D93-A134-4567-BB4A-234A0D1F16FF}.Release|Any CPU.Build.0 = Release|Any CPU
		{29E55D93-A134-4567-BB4A-234A0D1F16FF}.Release|Any CPU.Deploy.0 = Release|Any CPU
	EndGlobalSection
	GlobalSection(SolutionProperties) = preSolution
		HideSolutionNode = FALSE
	EndGlobalSection
	GlobalSection(ExtensibilityGlobals) = postSolution
		SolutionGuid = {6151F989-385A-4E00-8086-223561A56DE0}
	EndGlobalSection
EndGlobal
